
Microsoft Visual Studio Solution File, Format Version 12.00
# Visual Studio Version 17
VisualStudioVersion = 17.2.32616.157
MinimumVisualStudioVersion = 10.0.40219.1
Project("{FAE04EC0-301F-11D3-BF4B-00C04F79EFBC}") = "OnlineProductsPortal", "OnlineProductsPortal\OnlineProductsPortal.csproj", "{5B2E4E45-45C7-45EF-9693-986330A94400}"
EndProject
Global
	GlobalSection(SolutionConfigurationPlatforms) = preSolution
		Debug|Any CPU = Debug|Any CPU
		Release|Any CPU = Release|Any CPU
	EndGlobalSection
	GlobalSection(ProjectConfigurationPlatforms) = postSolution
		{5B2E4E45-45C7-45EF-9693-986330A94400}.Debug|Any CPU.ActiveCfg = Debug|Any CPU
		{5B2E4E45-45C7-45EF-9693-986330A94400}.Debug|Any CPU.Build.0 = Debug|Any CPU
		{5B2E4E45-45C7-45EF-9693-986330A94400}.Release|Any CPU.ActiveCfg = Release|Any CPU
		{5B2E4E45-45C7-45EF-9693-986330A94400}.Release|Any CPU.Build.0 = Release|Any CPU
	EndGlobalSection
	GlobalSection(SolutionProperties) = preSolution
		HideSolutionNode = FALSE
	EndGlobalSection
	GlobalSection(ExtensibilityGlobals) = postSolution
		SolutionGuid = {5BD7DFC7-4290-44F1-A31B-639D703B435F}
	EndGlobalSection
EndGlobal
